// !$*UTF8*$!
{
	archiveVersion = 1;
	classes = {
	};
	objectVersion = 46;
	objects = {

/* Begin PBXBuildFile section */
		A4506D561E5602B9009E7BEC /* YZScannerReader.swift in Sources */ = {isa = PBXBuildFile; fileRef = A4506D551E5602B9009E7BEC /* YZScannerReader.swift */; };
		A4506D581E5602CC009E7BEC /* YZScannerMaskView.swift in Sources */ = {isa = PBXBuildFile; fileRef = A4506D571E5602CC009E7BEC /* YZScannerMaskView.swift */; };
		A4506D5A1E5602D6009E7BEC /* YZScannerViewController.swift in Sources */ = {isa = PBXBuildFile; fileRef = A4506D591E5602D6009E7BEC /* YZScannerViewController.swift */; };
		A47A864D1BE62D2C009E1BD1 /* AppDelegate.swift in Sources */ = {isa = PBXBuildFile; fileRef = A47A864C1BE62D2C009E1BD1 /* AppDelegate.swift */; };
		A47A86521BE62D2C009E1BD1 /* Main.storyboard in Resources */ = {isa = PBXBuildFile; fileRef = A47A86501BE62D2C009E1BD1 /* Main.storyboard */; };
		A47A86541BE62D2C009E1BD1 /* Assets.xcassets in Resources */ = {isa = PBXBuildFile; fileRef = A47A86531BE62D2C009E1BD1 /* Assets.xcassets */; };
		A47A86571BE62D2C009E1BD1 /* LaunchScreen.storyboard in Resources */ = {isa = PBXBuildFile; fileRef = A47A86551BE62D2C009E1BD1 /* LaunchScreen.storyboard */; };
		A47A86641BE62D6D009E1BD1 /* DemoViewController.swift in Sources */ = {isa = PBXBuildFile; fileRef = A47A86621BE62D6D009E1BD1 /* DemoViewController.swift */; };
		A47A86651BE62D6D009E1BD1 /* QRCodeViewController.swift in Sources */ = {isa = PBXBuildFile; fileRef = A47A86631BE62D6D009E1BD1 /* QRCodeViewController.swift */; };
/* End PBXBuildFile section */

/* Begin PBXFileReference section */
		A4506D551E5602B9009E7BEC /* YZScannerReader.swift */ = {isa = PBXFileReference; fileEncoding = 4; lastKnownFileType = sourcecode.swift; path = YZScannerReader.swift; sourceTree = "<group>"; };
		A4506D571E5602CC009E7BEC /* YZScannerMaskView.swift */ = {isa = PBXFileReference; fileEncoding = 4; lastKnownFileType = sourcecode.swift; path = YZScannerMaskView.swift; sourceTree = "<group>"; };
		A4506D591E5602D6009E7BEC /* YZScannerViewController.swift */ = {isa = PBXFileReference; fileEncoding = 4; lastKnownFileType = sourcecode.swift; path = YZScannerViewController.swift; sourceTree = "<group>"; };
		A47A86491BE62D2C009E1BD1 /* QRCode.app */ = {isa = PBXFileReference; explicitFileType = wrapper.application; includeInIndex = 0; path = QRCode.app; sourceTree = BUILT_PRODUCTS_DIR; };
		A47A864C1BE62D2C009E1BD1 /* AppDelegate.swift */ = {isa = PBXFileReference; lastKnownFileType = sourcecode.swift; path = AppDelegate.swift; sourceTree = "<group>"; };
		A47A86511BE62D2C009E1BD1 /* Base */ = {isa = PBXFileReference; lastKnownFileType = file.storyboard; name = Base; path = Base.lproj/Main.storyboard; sourceTree = "<group>"; };
		A47A86531BE62D2C009E1BD1 /* Assets.xcassets */ = {isa = PBXFileReference; lastKnownFileType = folder.assetcatalog; path = Assets.xcassets; sourceTree = "<group>"; };
		A47A86561BE62D2C009E1BD1 /* Base */ = {isa = PBXFileReference; lastKnownFileType = file.storyboard; name = Base; path = Base.lproj/LaunchScreen.storyboard; sourceTree = "<group>"; };
		A47A86581BE62D2C009E1BD1 /* Info.plist */ = {isa = PBXFileReference; lastKnownFileType = text.plist.xml; path = Info.plist; sourceTree = "<group>"; };
		A47A86621BE62D6D009E1BD1 /* DemoViewController.swift */ = {isa = PBXFileReference; fileEncoding = 4; lastKnownFileType = sourcecode.swift; path = DemoViewController.swift; sourceTree = "<group>"; };
		A47A86631BE62D6D009E1BD1 /* QRCodeViewController.swift */ = {isa = PBXFileReference; fileEncoding = 4; lastKnownFileType = sourcecode.swift; path = QRCodeViewController.swift; sourceTree = "<group>"; };
/* End PBXFileReference section */

/* Begin PBXFrameworksBuildPhase section */
		A47A86461BE62D2C009E1BD1 /* Frameworks */ = {
			isa = PBXFrameworksBuildPhase;
			buildActionMask = 2147483647;
			files = (
			);
			runOnlyForDeploymentPostprocessing = 0;
		};
/* End PBXFrameworksBuildPhase section */

/* Begin PBXGroup section */
		A4506D541E56029D009E7BEC /* Resource */ = {
			isa = PBXGroup;
			children = (
				A4506D551E5602B9009E7BEC /* YZScannerReader.swift */,
				A4506D571E5602CC009E7BEC /* YZScannerMaskView.swift */,
				A4506D591E5602D6009E7BEC /* YZScannerViewController.swift */,
			);
			path = Resource;
			sourceTree = "<group>";
		};
		A47A86401BE62D2C009E1BD1 = {
			isa = PBXGroup;
			children = (
				A47A864B1BE62D2C009E1BD1 /* QRCode */,
				A47A864A1BE62D2C009E1BD1 /* Products */,
			);
			sourceTree = "<group>";
		};
		A47A864A1BE62D2C009E1BD1 /* Products */ = {
			isa = PBXGroup;
			children = (
				A47A86491BE62D2C009E1BD1 /* QRCode.app */,
			);
			name = Products;
			sourceTree = "<group>";
		};
		A47A864B1BE62D2C009E1BD1 /* QRCode */ = {
			isa = PBXGroup;
			children = (
				A4506D541E56029D009E7BEC /* Resource */,
				A47A86621BE62D6D009E1BD1 /* DemoViewController.swift */,
				A47A86631BE62D6D009E1BD1 /* QRCodeViewController.swift */,
				A47A864C1BE62D2C009E1BD1 /* AppDelegate.swift */,
				A47A86501BE62D2C009E1BD1 /* Main.storyboard */,
				A47A86531BE62D2C009E1BD1 /* Assets.xcassets */,
				A47A86551BE62D2C009E1BD1 /* LaunchScreen.storyboard */,
				A47A86581BE62D2C009E1BD1 /* Info.plist */,
			);
			path = QRCode;
			sourceTree = "<group>";
		};
/* End PBXGroup section */

/* Begin PBXNativeTarget section */
		A47A86481BE62D2C009E1BD1 /* QRCode */ = {
			isa = PBXNativeTarget;
			buildConfigurationList = A47A865B1BE62D2C009E1BD1 /* Build configuration list for PBXNativeTarget "QRCode" */;
			buildPhases = (
				A47A86451BE62D2C009E1BD1 /* Sources */,
				A47A86461BE62D2C009E1BD1 /* Frameworks */,
				A47A86471BE62D2C009E1BD1 /* Resources */,
			);
			buildRules = (
			);
			dependencies = (
			);
			name = QRCode;
			productName = QRCode;
			productReference = A47A86491BE62D2C009E1BD1 /* QRCode.app */;
			productType = "com.apple.product-type.application";
		};
/* End PBXNativeTarget section */

/* Begin PBXProject section */
		A47A86411BE62D2C009E1BD1 /* Project object */ = {
			isa = PBXProject;
			attributes = {
				LastSwiftUpdateCheck = 0710;
				LastUpgradeCheck = 0710;
				ORGANIZATIONNAME = Broccoli;
				TargetAttributes = {
					A47A86481BE62D2C009E1BD1 = {
						CreatedOnToolsVersion = 7.1;
						LastSwiftMigration = 0820;
					};
				};
			};
			buildConfigurationList = A47A86441BE62D2C009E1BD1 /* Build configuration list for PBXProject "QRCode" */;
			compatibilityVersion = "Xcode 3.2";
			developmentRegion = English;
			hasScannedForEncodings = 0;
			knownRegions = (
				en,
				Base,
			);
			mainGroup = A47A86401BE62D2C009E1BD1;
			productRefGroup = A47A864A1BE62D2C009E1BD1 /* Products */;
			projectDirPath = "";
			projectRoot = "";
			targets = (
				A47A86481BE62D2C009E1BD1 /* QRCode */,
			);
		};
/* End PBXProject section */

/* Begin PBXResourcesBuildPhase section */
		A47A86471BE62D2C009E1BD1 /* Resources */ = {
			isa = PBXResourcesBuildPhase;
			buildActionMask = 2147483647;
			files = (
				A47A86571BE62D2C009E1BD1 /* LaunchScreen.storyboard in Resources */,
				A47A86541BE62D2C009E1BD1 /* Assets.xcassets in Resources */,
				A47A86521BE62D2C009E1BD1 /* Main.storyboard in Resources */,
			);
			runOnlyForDeploymentPostprocessing = 0;
		};
/* End PBXResourcesBuildPhase section */

/* Begin PBXSourcesBuildPhase section */
		A47A86451BE62D2C009E1BD1 /* Sources */ = {
			isa = PBXSourcesBuildPhase;
			buildActionMask = 2147483647;
			files = (
				A4506D561E5602B9009E7BEC /* YZScannerReader.swift in Sources */,
				A4506D581E5602CC009E7BEC /* YZScannerMaskView.swift in Sources */,
				A4506D5A1E5602D6009E7BEC /* YZScannerViewController.swift in Sources */,
				A47A86641BE62D6D009E1BD1 /* DemoViewController.swift in Sources */,
				A47A86651BE62D6D009E1BD1 /* QRCodeViewController.swift in Sources */,
				A47A864D1BE62D2C009E1BD1 /* AppDelegate.swift in Sources */,
			);
			runOnlyForDeploymentPostprocessing = 0;
		};
/* End PBXSourcesBuildPhase section */

/* Begin PBXVariantGroup section */
		A47A86501BE62D2C009E1BD1 /* Main.storyboard */ = {
			isa = PBXVariantGroup;
			children = (
				A47A86511BE62D2C009E1BD1 /* Base */,
			);
			name = Main.storyboard;
			sourceTree = "<group>";
		};
		A47A86551BE62D2C009E1BD1 /* LaunchScreen.storyboard */ = {
			isa = PBXVariantGroup;
			children = (
				A47A86561BE62D2C009E1BD1 /* Base */,
			);
			name = LaunchScreen.storyboard;
			sourceTree = "<group>";
		};
/* End PBXVariantGroup section */

/* Begin XCBuildConfiguration section */
		A47A86591BE62D2C009E1BD1 /* Debug */ = {
			isa = XCBuildConfiguration;
			buildSettings = {
				ALWAYS_SEARCH_USER_PATHS = NO;
				CLANG_CXX_LANGUAGE_STANDARD = "gnu++0x";
				CLANG_CXX_LIBRARY = "libc++";
				CLANG_ENABLE_MODULES = YES;
				CLANG_ENABLE_OBJC_ARC = YES;
				CLANG_WARN_BOOL_CONVERSION = YES;
				CLANG_WARN_CONSTANT_CONVERSION = YES;
				CLANG_WARN_DIRECT_OBJC_ISA_USAGE = YES_ERROR;
				CLANG_WARN_EMPTY_BODY = YES;
				CLANG_WARN_ENUM_CONVERSION = YES;
				CLANG_WARN_INT_CONVERSION = YES;
				CLANG_WARN_OBJC_ROOT_CLASS = YES_ERROR;
				CLANG_WARN_UNREACHABLE_CODE = YES;
				CLANG_WARN__DUPLICATE_METHOD_MATCH = YES;
				"CODE_SIGN_IDENTITY[sdk=iphoneos*]" = "iPhone Developer";
				COPY_PHASE_STRIP = NO;
				DEBUG_INFORMATION_FORMAT = dwarf;
				ENABLE_STRICT_OBJC_MSGSEND = YES;
				ENABLE_TESTABILITY = YES;
				GCC_C_LANGUAGE_STANDARD = gnu99;
				GCC_DYNAMIC_NO_PIC = NO;
				GCC_NO_COMMON_BLOCKS = YES;
				GCC_OPTIMIZATION_LEVEL = 0;
				GCC_PREPROCESSOR_DEFINITIONS = (
					"DEBUG=1",
					"$(inherited)",
				);
				GCC_WARN_64_TO_32_BIT_CONVERSION = YES;
				GCC_WARN_ABOUT_RETURN_TYPE = YES_ERROR;
				GCC_WARN_UNDECLARED_SELECTOR = YES;
				GCC_WARN_UNINITIALIZED_AUTOS = YES_AGGRESSIVE;
				GCC_WARN_UNUSED_FUNCTION = YES;
				GCC_WARN_UNUSED_VARIABLE = YES;
				IPHONEOS_DEPLOYMENT_TARGET = 9.1;
				MTL_ENABLE_DEBUG_INFO = YES;
				ONLY_ACTIVE_ARCH = YES;
				SDKROOT = iphoneos;
				SWIFT_OPTIMIZATION_LEVEL = "-Onone";
				TARGETED_DEVICE_FAMILY = "1,2";
			};
			name = Debug;
		};
		A47A865A1BE62D2C009E1BD1 /* Release */ = {
			isa = XCBuildConfiguration;
			buildSettings = {
				ALWAYS_SEARCH_USER_PATHS = NO;
				CLANG_CXX_LANGUAGE_STANDARD = "gnu++0x";
				CLANG_CXX_LIBRARY = "libc++";
				CLANG_ENABLE_MODULES = YES;
				CLANG_ENABLE_OBJC_ARC = YES;
				CLANG_WARN_BOOL_CONVERSION = YES;
				CLANG_WARN_CONSTANT_CONVERSION = YES;
				CLANG_WARN_DIRECT_OBJC_ISA_USAGE = YES_ERROR;
				CLANG_WARN_EMPTY_BODY = YES;
				CLANG_WARN_ENUM_CONVERSION = YES;
				CLANG_WARN_INT_CONVERSION = YES;
				CLANG_WARN_OBJC_ROOT_CLASS = YES_ERROR;
				CLANG_WARN_UNREACHABLE_CODE = YES;
				CLANG_WARN__DUPLICATE_METHOD_MATCH = YES;
				"CODE_SIGN_IDENTITY[sdk=iphoneos*]" = "iPhone Developer";
				COPY_PHASE_STRIP = NO;
				DEBUG_INFORMATION_FORMAT = "dwarf-with-dsym";
				ENABLE_NS_ASSERTIONS = NO;
				ENABLE_STRICT_OBJC_MSGSEND = YES;
				GCC_C_LANGUAGE_STANDARD = gnu99;
				GCC_NO_COMMON_BLOCKS = YES;
				GCC_WARN_64_TO_32_BIT_CONVERSION = YES;
				GCC_WARN_ABOUT_RETURN_TYPE = YES_ERROR;
				GCC_WARN_UNDECLARED_SELECTOR = YES;
				GCC_WARN_UNINITIALIZED_AUTOS = YES_AGGRESSIVE;
				GCC_WARN_UNUSED_FUNCTION = YES;
				GCC_WARN_UNUSED_VARIABLE = YES;
				IPHONEOS_DEPLOYMENT_TARGET = 9.1;
				MTL_ENABLE_DEBUG_INFO = NO;
				SDKROOT = iphoneos;
				TARGETED_DEVICE_FAMILY = "1,2";
				VALIDATE_PRODUCT = YES;
			};
			name = Release;
		};
		A47A865C1BE62D2C009E1BD1 /* Debug */ = {
			isa = XCBuildConfiguration;
			buildSettings = {
				ASSETCATALOG_COMPILER_APPICON_NAME = AppIcon;
				INFOPLIST_FILE = QRCode/Info.plist;
				LD_RUNPATH_SEARCH_PATHS = "$(inherited) @executable_path/Frameworks";
				PRODUCT_BUNDLE_IDENTIFIER = com.Broccoli.QRCode;
				PRODUCT_NAME = "$(TARGET_NAME)";
				SWIFT_VERSION = 3.0;
			};
			name = Debug;
		};
		A47A865D1BE62D2C009E1BD1 /* Release */ = {
			isa = XCBuildConfiguration;
			buildSettings = {
				ASSETCATALOG_COMPILER_APPICON_NAME = AppIcon;
				INFOPLIST_FILE = QRCode/Info.plist;
				LD_RUNPATH_SEARCH_PATHS = "$(inherited) @executable_path/Frameworks";
				PRODUCT_BUNDLE_IDENTIFIER = com.Broccoli.QRCode;
				PRODUCT_NAME = "$(TARGET_NAME)";
				SWIFT_VERSION = 3.0;
			};
			name = Release;
		};
/* End XCBuildConfiguration section */

/* Begin XCConfigurationList section */
		A47A86441BE62D2C009E1BD1 /* Build configuration list for PBXProject "QRCode" */ = {
			isa = XCConfigurationList;
			buildConfigurations = (
				A47A86591BE62D2C009E1BD1 /* Debug */,
				A47A865A1BE62D2C009E1BD1 /* Release */,
			);
			defaultConfigurationIsVisible = 0;
			defaultConfigurationName = Release;
		};
		A47A865B1BE62D2C009E1BD1 /* Build configuration list for PBXNativeTarget "QRCode" */ = {
			isa = XCConfigurationList;
			buildConfigurations = (
				A47A865C1BE62D2C009E1BD1 /* Debug */,
				A47A865D1BE62D2C009E1BD1 /* Release */,
			);
			defaultConfigurationIsVisible = 0;
			defaultConfigurationName = Release;
		};
/* End XCConfigurationList section */
	};
	rootObject = A47A86411BE62D2C009E1BD1 /* Project object */;
}
